PODS:
  - Flutter (1.0.0)
  - receive_sharing_intent (1.8.0):
    - Flutter

DEPENDENCIES:
  - Flutter (from `Flutter`)
  - receive_sharing_intent (from `.symlinks/plugins/receive_sharing_intent/ios`)

EXTERNAL SOURCES:
  Flutter:
    :path: Flutter
  receive_sharing_intent:
    :path: ".symlinks/plugins/receive_sharing_intent/ios"

SPEC CHECKSUMS:
  Flutter: 71a624a5bc0c04062bf19101d501e466baf2fb47
  receive_sharing_intent: f6a12b7e8f7ed745f61c982de8a65de88db44a44

PODFILE CHECKSUM: ec3d5dc4c5d108c56edcaf4ddb01edbf6f50b139

COCOAPODS: 1.17.0
